
Microsoft Visual Studio Solution File, Format Version 12.00
# Visual Studio 15
VisualStudioVersion = 15.0.28307.1684
MinimumVisualStudioVersion = 10.0.40219.1
Project("{FAE04EC0-301F-11D3-BF4B-00C04F79EFBC}") = "WebAppCoreSession", "WebAppCoreSession\WebAppCoreSession.csproj", "{AB60AE7C-623B-4AF6-88D3-F0987C07D7D2}"
EndProject
Global
	GlobalSection(SolutionConfigurationPlatforms) = preSolution
		Debug|Any CPU = Debug|Any CPU
		Release|Any CPU = Release|Any CPU
	EndGlobalSection
	GlobalSection(ProjectConfigurationPlatforms) = postSolution
		{AB60AE7C-623B-4AF6-88D3-F0987C07D7D2}.Debug|Any CPU.ActiveCfg = Debug|Any CPU
		{AB60AE7C-623B-4AF6-88D3-F0987C07D7D2}.Debug|Any CPU.Build.0 = Debug|Any CPU
		{AB60AE7C-623B-4AF6-88D3-F0987C07D7D2}.Release|Any CPU.ActiveCfg = Release|Any CPU
		{AB60AE7C-623B-4AF6-88D3-F0987C07D7D2}.Release|Any CPU.Build.0 = Release|Any CPU
	EndGlobalSection
	GlobalSection(SolutionProperties) = preSolution
		HideSolutionNode = FALSE
	EndGlobalSection
	GlobalSection(ExtensibilityGlobals) = postSolution
		SolutionGuid = {85E35073-00D3-4616-9AF3-B0CB68D0E122}
	EndGlobalSection
EndGlobal
